{
  "name": "shipit-agent-cli",
  "version": "0.0.0",
  "lockfileVersion": 3,
  "requires": true,
  "packages": {
    "": {
      "name": "shipit-agent-cli",
      "version": "0.0.0",
      "dependencies": {
        "@anthropic-ai/claude-code": "2.1.251",
        "@openai/codex": "0.153.2",
        "@playwright/mcp": "0.0.79",
        "@xai-official/grok": "1.0.12",
        "opencode-ai": "1.18.25"
      }
    },
    "node_modules/@anthropic-ai/claude-code": {
      "version": "2.1.251",
      "resolved": "https://registry.npmjs.org/@anthropic-ai/claude-code/-/claude-code-2.1.251.tgz",
      "integrity": "sha512-eG+ZPPpW2Dbmnntf1Fz9/T9ewS8I8SKfc1tcU2PqSwmftfjRPP7BXPaCyLuZ8kvgTdiPnJi/2/JnTvTRieneEQ==",
      "hasInstallScript": true,
      "license": "SEE LICENSE IN README.md",
      "bin": {
        "claude": "bin/claude.exe"
      },
      "engines": {
        "node": ">=22.0.0"
      },
      "optionalDependencies": {
        "@anthropic-ai/claude-code-darwin-arm64": "2.1.251",
        "@anthropic-ai/claude-code-darwin-x64": "2.1.251",
        "@anthropic-ai/claude-code-linux-arm64": "2.1.251",
        "@anthropic-ai/claude-code-linux-arm64-musl": "2.1.251",
        "@anthropic-ai/claude-code-linux-x64": "2.1.251",
        "@anthropic-ai/claude-code-linux-x64-musl": "2.1.251",
        "@anthropic-ai/claude-code-win32-arm64": "2.1.251",
        "@anthropic-ai/claude-code-win32-x64": "2.1.251"
      }
    },
    "node_modules/@anthropic-ai/claude-code-darwin-arm64": {
      "version": "2.1.251",
      "resolved": "https://registry.npmjs.org/@anthropic-ai/claude-code-darwin-arm64/-/claude-code-darwin-arm64-2.1.251.tgz",
      "integrity": "sha512-Qr5oMGVrOUyatsMlK0361OSnr3C785QBFIDoaiHMpaJ/nu/Ji2ccwI7nv0o54q3v3Y+zU9xbtEmcGxPRcR9ptA==",
      "cpu": [
        "arm64"
      ],
      "license": "SEE LICENSE IN LICENSE.md",
      "optional": true,
      "os": [
        "darwin"
      ]
    },
    "node_modules/@anthropic-ai/claude-code-darwin-x64": {
      "version": "2.1.251",
      "resolved": "https://registry.npmjs.org/@anthropic-ai/claude-code-darwin-x64/-/claude-code-darwin-x64-2.1.251.tgz",
      "integrity": "sha512-wDMj6uELqU/uUeXH3E+32R9Gyx6pxdffBmjCbP8CoGGN0VufEd88vXhIGK2P0XIsksSh3fJZdxS00EaQSpHYPw==",
      "cpu": [
        "x64"
      ],
      "license": "SEE LICENSE IN LICENSE.md",
      "optional": true,
      "os": [
        "darwin"
      ]
    },
    "node_modules/@anthropic-ai/claude-code-linux-arm64": {
      "version": "2.1.251",
      "resolved": "https://registry.npmjs.org/@anthropic-ai/claude-code-linux-arm64/-/claude-code-linux-arm64-2.1.251.tgz",
      "integrity": "sha512-h4EXRyV25yJfez40cTIoBlJptJqccP8nIDPdDMO9TDPUzZ6e5Y3OO9AgrfdMRAgccaTRsKfJenh7lA2D40nzdw==",
      "cpu": [
        "arm64"
      ],
      "libc": [
        "glibc"
      ],
      "license": "SEE LICENSE IN LICENSE.md",
      "optional": true,
      "os": [
        "linux"
      ]
    },
    "node_modules/@anthropic-ai/claude-code-linux-arm64-musl": {
      "version": "2.1.251",
      "resolved": "https://registry.npmjs.org/@anthropic-ai/claude-code-linux-arm64-musl/-/claude-code-linux-arm64-musl-2.1.251.tgz",
      "integrity": "sha512-VJAZGuGTaRQINdUS35qhkgZoK8R+0MciPHMG6KMTFHjLC8GKtxj47RmiWcCUAu+fJpEOsko0FLEBqvAbdOpkJg==",
      "cpu": [
        "arm64"
      ],
      "libc": [
        "musl"
      ],
      "license": "SEE LICENSE IN LICENSE.md",
      "optional": true,
      "os": [
        "linux"
      ]
    },
    "node_modules/@anthropic-ai/claude-code-linux-x64": {
      "version": "2.1.251",
      "resolved": "https://registry.npmjs.org/@anthropic-ai/claude-code-linux-x64/-/claude-code-linux-x64-2.1.251.tgz",
      "integrity": "sha512-HJyCY1ynzlsBk+N02IJeBNNZmzyd43lMuff49IXtbUDGHlf2XFHcxwYJEWCwIW51J3Hl4MvrqM6Ye8PGpJRIiA==",
      "cpu": [
        "x64"
      ],
      "libc": [
        "glibc"
      ],
      "license": "SEE LICENSE IN LICENSE.md",
      "optional": true,
      "os": [
        "linux"
      ]
    },
    "node_modules/@anthropic-ai/claude-code-linux-x64-musl": {
      "version": "2.1.251",
      "resolved": "https://registry.npmjs.org/@anthropic-ai/claude-code-linux-x64-musl/-/claude-code-linux-x64-musl-2.1.251.tgz",
      "integrity": "sha512-fuELyER/KyDie/iPimqHgZauPINBb+mWoYG7dXKxaxXlqCSmSI9YHzDVQ/1zSfiUnAU3FhbT1p9GNBqwJPikqA==",
      "cpu": [
        "x64"
      ],
      "libc": [
        "musl"
      ],
      "license": "SEE LICENSE IN LICENSE.md",
      "optional": true,
      "os": [
        "linux"
      ]
    },
    "node_modules/@anthropic-ai/claude-code-win32-arm64": {
      "version": "2.1.251",
      "resolved": "https://registry.npmjs.org/@anthropic-ai/claude-code-win32-arm64/-/claude-code-win32-arm64-2.1.251.tgz",
      "integrity": "sha512-6hkf7WoAk74WJuQ/epE+GKy5SJ7RU7kcpy3PRFHt6E1tiYNscihfZY1TMQ+AMQsDo1iFQFHbGITR95+vr3at+w==",
      "cpu": [
        "arm64"
      ],
      "license": "SEE LICENSE IN LICENSE.md",
      "optional": true,
      "os": [
        "win32"
      ]
    },
    "node_modules/@anthropic-ai/claude-code-win32-x64": {
      "version": "2.1.251",
      "resolved": "https://registry.npmjs.org/@anthropic-ai/claude-code-win32-x64/-/claude-code-win32-x64-2.1.251.tgz",
      "integrity": "sha512-fVXAvS2lCMJWD/lcyzzai5pcDQnlldGl8pwyGQ2vBxcuF8LS/7nVDqLOqTZsoAJ+VDKnlkPlPOJytDQEhTHHMQ==",
      "cpu": [
        "x64"
      ],
      "license": "SEE LICENSE IN LICENSE.md",
      "optional": true,
      "os": [
        "win32"
      ]
    },
    "node_modules/@iarna/toml": {
      "version": "3.0.0",
      "resolved": "https://registry.npmjs.org/@iarna/toml/-/toml-3.0.0.tgz",
      "integrity": "sha512-td6ZUkz2oS3VeleBcN+m//Q6HlCFCPrnI0FZhrt/h4XqLEdOyYp2u21nd8MdsR+WJy5r9PTDaHTDDfhf4H4l6Q==",
      "license": "ISC"
    },
    "node_modules/@openai/codex": {
      "version": "0.153.2",
      "resolved": "https://registry.npmjs.org/@openai/codex/-/codex-0.153.2.tgz",
      "integrity": "sha512-IRocJlE+jCZGYHwIJWBja2nDswTSZY4sNddQgU5xiR/mVWxo5WcO8pqcajXJea1XDoNK9CaVzizVhUxDhFkU6g==",
      "license": "Apache-2.0",
      "bin": {
        "codex": "bin/codex.js"
      },
      "engines": {
        "node": ">=16"
      },
      "optionalDependencies": {
        "@openai/codex-darwin-arm64": "npm:@openai/codex@0.153.2-darwin-arm64",
        "@openai/codex-darwin-x64": "npm:@openai/codex@0.153.2-darwin-x64",
        "@openai/codex-linux-arm64": "npm:@openai/codex@0.153.2-linux-arm64",
        "@openai/codex-linux-x64": "npm:@openai/codex@0.153.2-linux-x64",
        "@openai/codex-win32-arm64": "npm:@openai/codex@0.153.2-win32-arm64",
        "@openai/codex-win32-x64": "npm:@openai/codex@0.153.2-win32-x64"
      }
    },
    "node_modules/@openai/codex-darwin-arm64": {
      "name": "@openai/codex",
      "version": "0.153.2-darwin-arm64",
      "resolved": "https://registry.npmjs.org/@openai/codex/-/codex-0.153.2-darwin-arm64.tgz",
      "integrity": "sha512-8cEJWOIW5WnSn2+W1RUjc1sm2sN1H6NP+cCrOe73ImamUy2yOk3QKjZM2SfkA9jf3fqgwlBNUslhGMen2omc5g==",
      "cpu": [
        "arm64"
      ],
      "license": "Apache-2.0",
      "optional": true,
      "os": [
        "darwin"
      ],
      "engines": {
        "node": ">=16"
      }
    },
    "node_modules/@openai/codex-darwin-x64": {
      "name": "@openai/codex",
      "version": "0.153.2-darwin-x64",
      "resolved": "https://registry.npmjs.org/@openai/codex/-/codex-0.153.2-darwin-x64.tgz",
      "integrity": "sha512-hY68UBhIUE3xIn40SdoujokNiCBeHn9Jp9bEtcIrYeYd2IUtu1oCFwxFnkGhw6+UjHn7piiMxohAomddRA4MCg==",
      "cpu": [
        "x64"
      ],
      "license": "Apache-2.0",
      "optional": true,
      "os": [
        "darwin"
      ],
      "engines": {
        "node": ">=16"
      }
    },
    "node_modules/@openai/codex-linux-arm64": {
      "name": "@openai/codex",
      "version": "0.153.2-linux-arm64",
      "resolved": "https://registry.npmjs.org/@openai/codex/-/codex-0.153.2-linux-arm64.tgz",
      "integrity": "sha512-QDkOdJzIdMGaOCViY2dqGqr8WhQv81WfmJkAghC3doFedsOfHt87RuAO4yFN7m0FSR3y5UsScSDUT4zOCcmEVA==",
      "cpu": [
        "arm64"
      ],
      "license": "Apache-2.0",
      "optional": true,
      "os": [
        "linux"
      ],
      "engines": {
        "node": ">=16"
      }
    },
    "node_modules/@openai/codex-linux-x64": {
      "name": "@openai/codex",
      "version": "0.153.2-linux-x64",
      "resolved": "https://registry.npmjs.org/@openai/codex/-/codex-0.153.2-linux-x64.tgz",
      "integrity": "sha512-CPUPhFmykKRdIcgwiOfKvFKHBP62dPfaiP+pzQ2bVNAfLTW+i0Kasd7hQryoxZUmTPvw0h9HyM2NgsnQ9AJlTw==",
      "cpu": [
        "x64"
      ],
      "license": "Apache-2.0",
      "optional": true,
      "os": [
        "linux"
      ],
      "engines": {
        "node": ">=16"
      }
    },
    "node_modules/@openai/codex-win32-arm64": {
      "name": "@openai/codex",
      "version": "0.153.2-win32-arm64",
      "resolved": "https://registry.npmjs.org/@openai/codex/-/codex-0.153.2-win32-arm64.tgz",
      "integrity": "sha512-+49dim0F4FoxKLBDBLzMQL4C1m9FG2kx6twg98jo2USesKfmj8XG3HSCe2tW2zOfRArSgHCDyNDHFdts3AfaBg==",
      "cpu": [
        "arm64"
      ],
      "license": "Apache-2.0",
      "optional": true,
      "os": [
        "win32"
      ],
      "engines": {
        "node": ">=16"
      }
    },
    "node_modules/@openai/codex-win32-x64": {
      "name": "@openai/codex",
      "version": "0.153.2-win32-x64",
      "resolved": "https://registry.npmjs.org/@openai/codex/-/codex-0.153.2-win32-x64.tgz",
      "integrity": "sha512-x1PnFo9Uy81NEIlPx3qxkP3PQgkfmJOY/2LqKCKlvxArWIL+PrEV9xKcmKeo9Yw23PPU2TDH3AyqcdeblqtNNg==",
      "cpu": [
        "x64"
      ],
      "license": "Apache-2.0",
      "optional": true,
      "os": [
        "win32"
      ],
      "engines": {
        "node": ">=16"
      }
    },
    "node_modules/@playwright/mcp": {
      "version": "0.0.79",
      "resolved": "https://registry.npmjs.org/@playwright/mcp/-/mcp-0.0.79.tgz",
      "integrity": "sha512-VpqD4a3vFyGQMY9sh3UJiO6wjcurggkljKfAyCHL0QWGY5m6Ehr3MNsAAHPDHO//n13g0PCjpHatAOiulrqdZQ==",
      "license": "Apache-2.0",
      "dependencies": {
        "playwright": "1.63.0-alpha-2026-08-05",
        "playwright-core": "1.63.0-alpha-2026-08-05"
      },
      "bin": {
        "playwright-mcp": "cli.js"
      },
      "engines": {
        "node": ">=18"
      }
    },
    "node_modules/@xai-official/grok": {
      "version": "1.0.12",
      "resolved": "https://registry.npmjs.org/@xai-official/grok/-/grok-1.0.12.tgz",
      "integrity": "sha512-YzvjKmCZrYHD45ytHovPNxv+83FkCc99DZ6JBvC234G0e4GXHJ+pvukXbC+c8oeo7RA9K6U3EYJNLi39Xqj7KA==",
      "cpu": [
        "arm64",
        "x64"
      ],
      "hasInstallScript": true,
      "license": "Apache-2.0",
      "os": [
        "darwin",
        "linux",
        "win32"
      ],
      "dependencies": {
        "@iarna/toml": "^3.0.0"
      },
      "bin": {
        "grok": "bin/grok"
      },
      "engines": {
        "node": ">=20"
      },
      "optionalDependencies": {
        "@xai-official/grok-darwin-arm64": "1.0.12",
        "@xai-official/grok-darwin-x64": "1.0.12",
        "@xai-official/grok-linux-arm64": "1.0.12",
        "@xai-official/grok-linux-x64": "1.0.12",
        "@xai-official/grok-win32-arm64": "1.0.12",
        "@xai-official/grok-win32-x64": "1.0.12"
      }
    },
    "node_modules/@xai-official/grok-darwin-arm64": {
      "version": "1.0.12",
      "resolved": "https://registry.npmjs.org/@xai-official/grok-darwin-arm64/-/grok-darwin-arm64-1.0.12.tgz",
      "integrity": "sha512-ZcCeDeFGsNrsb5sclPNoV0ldO181YWh+4p2h2NjW3sE/bIbk+QwEihiT5Hz4p0s06O6ZIQYezenN0OHcTxU3iQ==",
      "cpu": [
        "arm64"
      ],
      "license": "Apache-2.0",
      "optional": true,
      "os": [
        "darwin"
      ]
    },
    "node_modules/@xai-official/grok-darwin-x64": {
      "version": "1.0.12",
      "resolved": "https://registry.npmjs.org/@xai-official/grok-darwin-x64/-/grok-darwin-x64-1.0.12.tgz",
      "integrity": "sha512-HRoyW2p0rdiwGxcwa/QpKcDTk2zVU4dYyM1TGOO3qyjyFHHfi4CAEYkTfXxuHGBM3aFQU7s2HPL3sqJvDvLfEA==",
      "cpu": [
        "x64"
      ],
      "license": "Apache-2.0",
      "optional": true,
      "os": [
        "darwin"
      ]
    },
    "node_modules/@xai-official/grok-linux-arm64": {
      "version": "1.0.12",
      "resolved": "https://registry.npmjs.org/@xai-official/grok-linux-arm64/-/grok-linux-arm64-1.0.12.tgz",
      "integrity": "sha512-9N/kdx4W4/D1QVCqAgw0MnjjBQlm0V5c3u2ZQrzmJ+I4R+XMC3CVAcF2THaPElQnsow6JNx4Qata7Ba/9X+8hQ==",
      "cpu": [
        "arm64"
      ],
      "license": "Apache-2.0",
      "optional": true,
      "os": [
        "linux"
      ]
    },
    "node_modules/@xai-official/grok-linux-x64": {
      "version": "1.0.12",
      "resolved": "https://registry.npmjs.org/@xai-official/grok-linux-x64/-/grok-linux-x64-1.0.12.tgz",
      "integrity": "sha512-AAJRr1t5UtmeUk11RT94YWZ8XvCD0+P7dak0UjYveRD/1hy8f3RTClOoz5Q8iFiqcOcb9s/ArRS3bQ5dSsaVGg==",
      "cpu": [
        "x64"
      ],
      "license": "Apache-2.0",
      "optional": true,
      "os": [
        "linux"
      ]
    },
    "node_modules/@xai-official/grok-win32-arm64": {
      "version": "1.0.12",
      "resolved": "https://registry.npmjs.org/@xai-official/grok-win32-arm64/-/grok-win32-arm64-1.0.12.tgz",
      "integrity": "sha512-E6luMxblGEO//6kUbgKqIf6j4j6AbhmabFgAOnOnbZWLDT9Rdiim+pouvL5dSQlNEC2yvXnEGpYMY80GUOuedQ==",
      "cpu": [
        "arm64"
      ],
      "license": "Apache-2.0",
      "optional": true,
      "os": [
        "win32"
      ]
    },
    "node_modules/@xai-official/grok-win32-x64": {
      "version": "1.0.12",
      "resolved": "https://registry.npmjs.org/@xai-official/grok-win32-x64/-/grok-win32-x64-1.0.12.tgz",
      "integrity": "sha512-9DnH7H9sMAeFYCTE5vYpIrMF7g3JxvxPy+newfODKwY+9e3rdSOt0sBs4kIJy3FYQQ+8mj5RMyW7OGXZsatI2A==",
      "cpu": [
        "x64"
      ],
      "license": "Apache-2.0",
      "optional": true,
      "os": [
        "win32"
      ]
    },
    "node_modules/fsevents": {
      "version": "2.3.2",
      "resolved": "https://registry.npmjs.org/fsevents/-/fsevents-2.3.2.tgz",
      "integrity": "sha512-xiqMQR4xAeHTuB9uWm+fFRcIOgKBMiOBP+eXiyT7jsgVCq1bkVygt00oASowB7EdtpOHaaPgKt812P9ab+DDKA==",
      "hasInstallScript": true,
      "license": "MIT",
      "optional": true,
      "os": [
        "darwin"
      ],
      "engines": {
        "node": "^8.16.0 || ^10.6.0 || >=11.0.0"
      }
    },
    "node_modules/opencode-ai": {
      "version": "1.18.25",
      "resolved": "https://registry.npmjs.org/opencode-ai/-/opencode-ai-1.18.25.tgz",
      "integrity": "sha512-pS4RKJ9eKwU7Dp5G5pdj1rhMnpG5APixXzfTKNoFqv9aFVI36Rnza2jESvKifxyPZlsA65MQB03WCArY0EK6mg==",
      "cpu": [
        "arm64",
        "x64"
      ],
      "hasInstallScript": true,
      "license": "MIT",
      "os": [
        "darwin",
        "linux",
        "win32"
      ],
      "bin": {
        "opencode": "bin/opencode.exe"
      },
      "optionalDependencies": {
        "opencode-darwin-arm64": "1.18.25",
        "opencode-darwin-x64": "1.18.25",
        "opencode-darwin-x64-baseline": "1.18.25",
        "opencode-linux-arm64": "1.18.25",
        "opencode-linux-arm64-musl": "1.18.25",
        "opencode-linux-x64": "1.18.25",
        "opencode-linux-x64-baseline": "1.18.25",
        "opencode-linux-x64-baseline-musl": "1.18.25",
        "opencode-linux-x64-musl": "1.18.25",
        "opencode-windows-arm64": "1.18.25",
        "opencode-windows-x64": "1.18.25",
        "opencode-windows-x64-baseline": "1.18.25"
      }
    },
    "node_modules/opencode-darwin-arm64": {
      "version": "1.18.25",
      "resolved": "https://registry.npmjs.org/opencode-darwin-arm64/-/opencode-darwin-arm64-1.18.25.tgz",
      "integrity": "sha512-W4dyMFtHBglWZ1SEooh3Ke9v1M9lv945Y58atb8e1yKII8YykJ8LknOFyKipYC028oPDO4IZc3GYGKbg9PCg2w==",
      "cpu": [
        "arm64"
      ],
      "optional": true,
      "os": [
        "darwin"
      ]
    },
    "node_modules/opencode-darwin-x64": {
      "version": "1.18.25",
      "resolved": "https://registry.npmjs.org/opencode-darwin-x64/-/opencode-darwin-x64-1.18.25.tgz",
      "integrity": "sha512-YYKrfeUSJhD7hZl+yNmayS51sDwxiE9o5XwrfgYSSie6sOyHFc9Ei13VBkVU6T+IJHhFhTahOFAwSDxggrAnGA==",
      "cpu": [
        "x64"
      ],
      "optional": true,
      "os": [
        "darwin"
      ]
    },
    "node_modules/opencode-darwin-x64-baseline": {
      "version": "1.18.25",
      "resolved": "https://registry.npmjs.org/opencode-darwin-x64-baseline/-/opencode-darwin-x64-baseline-1.18.25.tgz",
      "integrity": "sha512-rRgTaoTeIN2diL1e1HGZ48Zh4ynMDEB1jYjD76LaFUVzMwakEY1i7NvG8e/rbjRMDkgXIr6TwzCtIMcMOpLQMA==",
      "cpu": [
        "x64"
      ],
      "optional": true,
      "os": [
        "darwin"
      ]
    },
    "node_modules/opencode-linux-arm64": {
      "version": "1.18.25",
      "resolved": "https://registry.npmjs.org/opencode-linux-arm64/-/opencode-linux-arm64-1.18.25.tgz",
      "integrity": "sha512-PMvcpFpha3yAhaVCC0QbegHPxsEZ0FuQf+52PXvqQut1r3w1l1Pilor9tUA7TyCRa4UokACI90nTmKmtMnQBag==",
      "cpu": [
        "arm64"
      ],
      "optional": true,
      "os": [
        "linux"
      ]
    },
    "node_modules/opencode-linux-arm64-musl": {
      "version": "1.18.25",
      "resolved": "https://registry.npmjs.org/opencode-linux-arm64-musl/-/opencode-linux-arm64-musl-1.18.25.tgz",
      "integrity": "sha512-IwIPKmNwIjLshlSgjoRLKFwxxiLpZ5Y0zjv6r456RQtJKK62IbYGXkCm3AiSZ/lqGsu3XF+xn/Xza29ivgpgcg==",
      "cpu": [
        "arm64"
      ],
      "libc": [
        "musl"
      ],
      "optional": true,
      "os": [
        "linux"
      ]
    },
    "node_modules/opencode-linux-x64": {
      "version": "1.18.25",
      "resolved": "https://registry.npmjs.org/opencode-linux-x64/-/opencode-linux-x64-1.18.25.tgz",
      "integrity": "sha512-bdRSJ6gbK/EnLNWxROOQYXFXiUeqeFxGz8DIO8LCqnii99A2OWFAyZ3Da5gpvfT1Yrp9/lYL55n/tM3ale5smg==",
      "cpu": [
        "x64"
      ],
      "optional": true,
      "os": [
        "linux"
      ]
    },
    "node_modules/opencode-linux-x64-baseline": {
      "version": "1.18.25",
      "resolved": "https://registry.npmjs.org/opencode-linux-x64-baseline/-/opencode-linux-x64-baseline-1.18.25.tgz",
      "integrity": "sha512-+b0w7XyHx0XPQWHBk2JymXbXnyZQ2PjIPuu4a4QJgSUqGuGz1L2flA3wgpZVAWFUhrEIr9DFhBk3AkKKNgMuRw==",
      "cpu": [
        "x64"
      ],
      "optional": true,
      "os": [
        "linux"
      ]
    },
    "node_modules/opencode-linux-x64-baseline-musl": {
      "version": "1.18.25",
      "resolved": "https://registry.npmjs.org/opencode-linux-x64-baseline-musl/-/opencode-linux-x64-baseline-musl-1.18.25.tgz",
      "integrity": "sha512-E2JUeOOSXPbG1cNOzxnqjqkd0a3+oFmwkbJe6bZ308CFgLWBFfVh0fF42HTCEqfK+yYbidpEkQuEkUgxq/11IA==",
      "cpu": [
        "x64"
      ],
      "libc": [
        "musl"
      ],
      "optional": true,
      "os": [
        "linux"
      ]
    },
    "node_modules/opencode-linux-x64-musl": {
      "version": "1.18.25",
      "resolved": "https://registry.npmjs.org/opencode-linux-x64-musl/-/opencode-linux-x64-musl-1.18.25.tgz",
      "integrity": "sha512-W15qTNDz1fsTzs1SkE6bB/gpIDBF3rwDbewUKdbyXD3dVs6umyugOql1T4u9n/gqWa/Z/VDURbn39VsejeSdbQ==",
      "cpu": [
        "x64"
      ],
      "libc": [
        "musl"
      ],
      "optional": true,
      "os": [
        "linux"
      ]
    },
    "node_modules/opencode-windows-arm64": {
      "version": "1.18.25",
      "resolved": "https://registry.npmjs.org/opencode-windows-arm64/-/opencode-windows-arm64-1.18.25.tgz",
      "integrity": "sha512-GFp74pProoPwqktHMf+9wQ8fza1RvFt0RG0iRtTQnJ4VWVY62qEeVuJkH6ki9QXS270HXyqtxvF8AuHQzuVZlA==",
      "cpu": [
        "arm64"
      ],
      "optional": true,
      "os": [
        "win32"
      ]
    },
    "node_modules/opencode-windows-x64": {
      "version": "1.18.25",
      "resolved": "https://registry.npmjs.org/opencode-windows-x64/-/opencode-windows-x64-1.18.25.tgz",
      "integrity": "sha512-xW5wtSxWYbI7DcmQWMlNWIiDBdMJON1vDiEmVWo88R9tT/PaahOhWKgp7FoWDqJKf89jS3ZIzkqnkU3F2dio7A==",
      "cpu": [
        "x64"
      ],
      "optional": true,
      "os": [
        "win32"
      ]
    },
    "node_modules/opencode-windows-x64-baseline": {
      "version": "1.18.25",
      "resolved": "https://registry.npmjs.org/opencode-windows-x64-baseline/-/opencode-windows-x64-baseline-1.18.25.tgz",
      "integrity": "sha512-/28bGRQwT+2JdGbtGaNr95tstgysiULEXtcvgNg7yLDxitqmSVgd8V8XRGS0UWDdfiWWMND9A9T5EAsbF1/xDQ==",
      "cpu": [
        "x64"
      ],
      "optional": true,
      "os": [
        "win32"
      ]
    },
    "node_modules/playwright": {
      "version": "1.63.0-alpha-2026-08-05",
      "resolved": "https://registry.npmjs.org/playwright/-/playwright-1.63.0-alpha-2026-08-05.tgz",
      "integrity": "sha512-zbGZUK+JYkoDV3cUgfvh2czTBJL34Gmz5gHVI25xiIpvYSR17Q1M7TS8hnwECUe+IkKaeXbKrSyJTyogm2DVWw==",
      "license": "Apache-2.0",
      "dependencies": {
        "playwright-core": "1.63.0-alpha-2026-08-05"
      },
      "bin": {
        "playwright": "cli.js"
      },
      "engines": {
        "node": ">=20"
      },
      "optionalDependencies": {
        "fsevents": "2.3.2"
      }
    },
    "node_modules/playwright-core": {
      "version": "1.63.0-alpha-2026-08-05",
      "resolved": "https://registry.npmjs.org/playwright-core/-/playwright-core-1.63.0-alpha-2026-08-05.tgz",
      "integrity": "sha512-YussvUybTfBtyYbGXWh43f+5kNP03wg98M6mu4DphYET7PSbNVajsdLGjWE1xrsjqOw32i2wFlRP7U5mcOpMZg==",
      "license": "Apache-2.0",
      "bin": {
        "playwright-core": "cli.js"
      },
      "engines": {
        "node": ">=20"
      }
    }
  }
}
