{
  "name": "shipit-agent-cli",
  "version": "0.0.0",
  "lockfileVersion": 3,
  "requires": true,
  "packages": {
    "": {
      "name": "shipit-agent-cli",
      "version": "0.0.0",
      "dependencies": {
        "@anthropic-ai/claude-code": "2.1.219",
        "@openai/codex": "0.146.0",
        "@playwright/mcp": "0.0.75"
      }
    },
    "node_modules/@anthropic-ai/claude-code": {
      "version": "2.1.219",
      "resolved": "https://registry.npmjs.org/@anthropic-ai/claude-code/-/claude-code-2.1.219.tgz",
      "integrity": "sha512-6PVBrRsKHFi0gzv5bCabVL+XSqI3F8AR6ekFx4gpzdE5a9XotqewolID0PbcdD9IyWVYCIDET4GDCcUdA89i3Q==",
      "hasInstallScript": true,
      "license": "SEE LICENSE IN README.md",
      "bin": {
        "claude": "bin/claude.exe"
      },
      "engines": {
        "node": ">=22.0.0"
      },
      "optionalDependencies": {
        "@anthropic-ai/claude-code-darwin-arm64": "2.1.219",
        "@anthropic-ai/claude-code-darwin-x64": "2.1.219",
        "@anthropic-ai/claude-code-linux-arm64": "2.1.219",
        "@anthropic-ai/claude-code-linux-arm64-musl": "2.1.219",
        "@anthropic-ai/claude-code-linux-x64": "2.1.219",
        "@anthropic-ai/claude-code-linux-x64-musl": "2.1.219",
        "@anthropic-ai/claude-code-win32-arm64": "2.1.219",
        "@anthropic-ai/claude-code-win32-x64": "2.1.219"
      }
    },
    "node_modules/@anthropic-ai/claude-code-darwin-arm64": {
      "version": "2.1.219",
      "resolved": "https://registry.npmjs.org/@anthropic-ai/claude-code-darwin-arm64/-/claude-code-darwin-arm64-2.1.219.tgz",
      "integrity": "sha512-/t/JlmaHh6vtXbZ0R8iRnSBzhc1OSQLybS8HB5RA/BtbueODKQKvtCiCBVwdXXjmdn3aBFrmWRbGzpYZRVcZtw==",
      "cpu": [
        "arm64"
      ],
      "license": "SEE LICENSE IN LICENSE.md",
      "optional": true,
      "os": [
        "darwin"
      ]
    },
    "node_modules/@anthropic-ai/claude-code-darwin-x64": {
      "version": "2.1.219",
      "resolved": "https://registry.npmjs.org/@anthropic-ai/claude-code-darwin-x64/-/claude-code-darwin-x64-2.1.219.tgz",
      "integrity": "sha512-+xuRyR76Q4ZtorDuZVaTvfFEKunCsthZxR+c8/cHtvViaYt4cZ11Aof2GYH0qQhyY5DaoQphO21Lnr/VfzpGqQ==",
      "cpu": [
        "x64"
      ],
      "license": "SEE LICENSE IN LICENSE.md",
      "optional": true,
      "os": [
        "darwin"
      ]
    },
    "node_modules/@anthropic-ai/claude-code-linux-arm64": {
      "version": "2.1.219",
      "resolved": "https://registry.npmjs.org/@anthropic-ai/claude-code-linux-arm64/-/claude-code-linux-arm64-2.1.219.tgz",
      "integrity": "sha512-G5yLidk2u6djL5PPuBYXVwVhTsZY5zLoZwh1Jnrd/IRyYb0P0x4gKTzVvGlsGepkBrOp0H2k/KuicyNPrXt57Q==",
      "cpu": [
        "arm64"
      ],
      "libc": [
        "glibc"
      ],
      "license": "SEE LICENSE IN LICENSE.md",
      "optional": true,
      "os": [
        "linux"
      ]
    },
    "node_modules/@anthropic-ai/claude-code-linux-arm64-musl": {
      "version": "2.1.219",
      "resolved": "https://registry.npmjs.org/@anthropic-ai/claude-code-linux-arm64-musl/-/claude-code-linux-arm64-musl-2.1.219.tgz",
      "integrity": "sha512-l3v1ngKE5Y75TD8vqkE/yHTHIZ7bzcfWhyi9jmtXnYQ2Q2GVcBDasaD4K8wkFsf7iEZtioSRYtxdi0FBuTYYJQ==",
      "cpu": [
        "arm64"
      ],
      "libc": [
        "musl"
      ],
      "license": "SEE LICENSE IN LICENSE.md",
      "optional": true,
      "os": [
        "linux"
      ]
    },
    "node_modules/@anthropic-ai/claude-code-linux-x64": {
      "version": "2.1.219",
      "resolved": "https://registry.npmjs.org/@anthropic-ai/claude-code-linux-x64/-/claude-code-linux-x64-2.1.219.tgz",
      "integrity": "sha512-Eq8aJpMrfy5rwQZQys/MdDD5Ph96ugZMgmwZmo4mXveEvp7JTZX8vUvqN/sHBn/yVmhzJNWcvepzQuBkcrLXZw==",
      "cpu": [
        "x64"
      ],
      "libc": [
        "glibc"
      ],
      "license": "SEE LICENSE IN LICENSE.md",
      "optional": true,
      "os": [
        "linux"
      ]
    },
    "node_modules/@anthropic-ai/claude-code-linux-x64-musl": {
      "version": "2.1.219",
      "resolved": "https://registry.npmjs.org/@anthropic-ai/claude-code-linux-x64-musl/-/claude-code-linux-x64-musl-2.1.219.tgz",
      "integrity": "sha512-fEgmLQZWn6yvfGChyr781+pXaFPNMTSlGyujW3J8lM1CqobFOQSvk/8kepxgibmjeRxQn/O6BIgSxwp1vzvlSA==",
      "cpu": [
        "x64"
      ],
      "libc": [
        "musl"
      ],
      "license": "SEE LICENSE IN LICENSE.md",
      "optional": true,
      "os": [
        "linux"
      ]
    },
    "node_modules/@anthropic-ai/claude-code-win32-arm64": {
      "version": "2.1.219",
      "resolved": "https://registry.npmjs.org/@anthropic-ai/claude-code-win32-arm64/-/claude-code-win32-arm64-2.1.219.tgz",
      "integrity": "sha512-Do0M4zVIF8ULCvttXwi1d4D6U19sqgjCLOSRsgOGjaa/G1QUzkTn8BiGAi2vkp8EEIYQKJpPXmWVzWYcZnKAWQ==",
      "cpu": [
        "arm64"
      ],
      "license": "SEE LICENSE IN LICENSE.md",
      "optional": true,
      "os": [
        "win32"
      ]
    },
    "node_modules/@anthropic-ai/claude-code-win32-x64": {
      "version": "2.1.219",
      "resolved": "https://registry.npmjs.org/@anthropic-ai/claude-code-win32-x64/-/claude-code-win32-x64-2.1.219.tgz",
      "integrity": "sha512-W5yKQOYnMmPFUa0//e8dVMAn0oYK2iMk9dS5QvfIZnNc32exXlRWjVDtTUhwxL5wbeIom3GbGk4lrOYwD4h/cw==",
      "cpu": [
        "x64"
      ],
      "license": "SEE LICENSE IN LICENSE.md",
      "optional": true,
      "os": [
        "win32"
      ]
    },
    "node_modules/@openai/codex": {
      "version": "0.146.0",
      "resolved": "https://registry.npmjs.org/@openai/codex/-/codex-0.146.0.tgz",
      "integrity": "sha512-yG3sPWNda/2YAIQIDq9MrrjoCTIQ7rxYM5IasrG3VBcuhCLTkgeg/JzqmJq1V98RE4MJ5jCxDXXQlOjrditFRw==",
      "license": "Apache-2.0",
      "bin": {
        "codex": "bin/codex.js"
      },
      "engines": {
        "node": ">=16"
      },
      "optionalDependencies": {
        "@openai/codex-darwin-arm64": "npm:@openai/codex@0.146.0-darwin-arm64",
        "@openai/codex-darwin-x64": "npm:@openai/codex@0.146.0-darwin-x64",
        "@openai/codex-linux-arm64": "npm:@openai/codex@0.146.0-linux-arm64",
        "@openai/codex-linux-x64": "npm:@openai/codex@0.146.0-linux-x64",
        "@openai/codex-win32-arm64": "npm:@openai/codex@0.146.0-win32-arm64",
        "@openai/codex-win32-x64": "npm:@openai/codex@0.146.0-win32-x64"
      }
    },
    "node_modules/@openai/codex-darwin-arm64": {
      "name": "@openai/codex",
      "version": "0.146.0-darwin-arm64",
      "resolved": "https://registry.npmjs.org/@openai/codex/-/codex-0.146.0-darwin-arm64.tgz",
      "integrity": "sha512-nb61yX4r5L6Z0dlC4o3u0GAK1YCd4TUvjaB382bajDoh84V+uv2hTBIVZ++fgXWV9yoeuNrNnNcn7GoTGOe2Tg==",
      "cpu": [
        "arm64"
      ],
      "license": "Apache-2.0",
      "optional": true,
      "os": [
        "darwin"
      ],
      "engines": {
        "node": ">=16"
      }
    },
    "node_modules/@openai/codex-darwin-x64": {
      "name": "@openai/codex",
      "version": "0.146.0-darwin-x64",
      "resolved": "https://registry.npmjs.org/@openai/codex/-/codex-0.146.0-darwin-x64.tgz",
      "integrity": "sha512-hTQR5jy/ObfTf1MDnuJCZJAe+SljKE8DDwQWN6lDFgjsPhMQz852U2tILt8Ei+G5GkQSzemHYKl2AYPwW0Y5xw==",
      "cpu": [
        "x64"
      ],
      "license": "Apache-2.0",
      "optional": true,
      "os": [
        "darwin"
      ],
      "engines": {
        "node": ">=16"
      }
    },
    "node_modules/@openai/codex-linux-arm64": {
      "name": "@openai/codex",
      "version": "0.146.0-linux-arm64",
      "resolved": "https://registry.npmjs.org/@openai/codex/-/codex-0.146.0-linux-arm64.tgz",
      "integrity": "sha512-qiYDxkkEFnXG7joadJW6Q+XcgyDXCpGdpa9nk/c+i0gEomur1j7bHvx12NfWWCF/y8Tqri6ay+FLuC2MjdehtA==",
      "cpu": [
        "arm64"
      ],
      "license": "Apache-2.0",
      "optional": true,
      "os": [
        "linux"
      ],
      "engines": {
        "node": ">=16"
      }
    },
    "node_modules/@openai/codex-linux-x64": {
      "name": "@openai/codex",
      "version": "0.146.0-linux-x64",
      "resolved": "https://registry.npmjs.org/@openai/codex/-/codex-0.146.0-linux-x64.tgz",
      "integrity": "sha512-fswvyGprAPCMiOEue/7MKMk7pCjh9kZIJfJX5i9atmfnmGYbYCcUhZsEH9LEP0+0t5xyPqDbfNXY7NSxIVuXxA==",
      "cpu": [
        "x64"
      ],
      "license": "Apache-2.0",
      "optional": true,
      "os": [
        "linux"
      ],
      "engines": {
        "node": ">=16"
      }
    },
    "node_modules/@openai/codex-win32-arm64": {
      "name": "@openai/codex",
      "version": "0.146.0-win32-arm64",
      "resolved": "https://registry.npmjs.org/@openai/codex/-/codex-0.146.0-win32-arm64.tgz",
      "integrity": "sha512-EW6zdjDe+SLX2Iw+xymJ5+Pz2+DGexdstfFHXh4Ub+TfJsQPiMjGfZfNaoWgdJ2FsqSIzVKu2+G0KCMGYz2W8g==",
      "cpu": [
        "arm64"
      ],
      "license": "Apache-2.0",
      "optional": true,
      "os": [
        "win32"
      ],
      "engines": {
        "node": ">=16"
      }
    },
    "node_modules/@openai/codex-win32-x64": {
      "name": "@openai/codex",
      "version": "0.146.0-win32-x64",
      "resolved": "https://registry.npmjs.org/@openai/codex/-/codex-0.146.0-win32-x64.tgz",
      "integrity": "sha512-b3lxMYeR0+IhstNo4JjX1P9cPc1xwVcCVkPd1lD1wpWPJ0SBhpIkPczwbu3ZRkJcdyl342+rgyf4DUrbZLdrGA==",
      "cpu": [
        "x64"
      ],
      "license": "Apache-2.0",
      "optional": true,
      "os": [
        "win32"
      ],
      "engines": {
        "node": ">=16"
      }
    },
    "node_modules/@playwright/mcp": {
      "version": "0.0.75",
      "resolved": "https://registry.npmjs.org/@playwright/mcp/-/mcp-0.0.75.tgz",
      "integrity": "sha512-oBjzVXfEGZ9Ev45tKKQULNDVdF83B82lg0uPejEK3xsp/zWmdNdNVnPi032fmd/o20ZZXs+LX7cr77qRNbV4VA==",
      "license": "Apache-2.0",
      "dependencies": {
        "playwright": "1.61.0-alpha-1778188671000",
        "playwright-core": "1.61.0-alpha-1778188671000"
      },
      "bin": {
        "playwright-mcp": "cli.js"
      },
      "engines": {
        "node": ">=18"
      }
    },
    "node_modules/fsevents": {
      "version": "2.3.2",
      "resolved": "https://registry.npmjs.org/fsevents/-/fsevents-2.3.2.tgz",
      "integrity": "sha512-xiqMQR4xAeHTuB9uWm+fFRcIOgKBMiOBP+eXiyT7jsgVCq1bkVygt00oASowB7EdtpOHaaPgKt812P9ab+DDKA==",
      "hasInstallScript": true,
      "license": "MIT",
      "optional": true,
      "os": [
        "darwin"
      ],
      "engines": {
        "node": "^8.16.0 || ^10.6.0 || >=11.0.0"
      }
    },
    "node_modules/playwright": {
      "version": "1.61.0-alpha-1778188671000",
      "resolved": "https://registry.npmjs.org/playwright/-/playwright-1.61.0-alpha-1778188671000.tgz",
      "integrity": "sha512-A6fFc7ExLRmvm0ZHqCyY2uHXSvEdpb8W+/HyIPK4ecRqNil8Mc1Vig1WFYoqk82x3+U9Qb571fQE95wgKqIQ1g==",
      "license": "Apache-2.0",
      "dependencies": {
        "playwright-core": "1.61.0-alpha-1778188671000"
      },
      "bin": {
        "playwright": "cli.js"
      },
      "engines": {
        "node": ">=18"
      },
      "optionalDependencies": {
        "fsevents": "2.3.2"
      }
    },
    "node_modules/playwright-core": {
      "version": "1.61.0-alpha-1778188671000",
      "resolved": "https://registry.npmjs.org/playwright-core/-/playwright-core-1.61.0-alpha-1778188671000.tgz",
      "integrity": "sha512-nsw2Crz0uZS3IRHiEcOXUt+RaKB/Hna+GAD4oD6cPqCHfJfW77cJdgktC0jzp3Ndyv23EJI3bcWSqFIiqSNE5A==",
      "license": "Apache-2.0",
      "bin": {
        "playwright-core": "cli.js"
      },
      "engines": {
        "node": ">=18"
      }
    }
  }
}
